
Microsoft Visual Studio Solution File, Format Version 12.00
# Visual Studio Version 16
VisualStudioVersion = 16.0.30517.126
MinimumVisualStudioVersion = 10.0.40219.1
Project("{9A19103F-16F7-4668-BE54-9A1E7A4F7556}") = "HouseRent.UI", "HouseRent.UI\HouseRent.UI.csproj", "{B54D15E0-4FF6-4508-9241-615D56A65DFE}"
EndProject
Project("{9A19103F-16F7-4668-BE54-9A1E7A4F7556}") = "HouseRent.Application", "HouseRent.Application\HouseRent.Application.csproj", "{8B38062B-68AD-49C4-9AD9-EFFD3DAA2AC3}"
EndProject
Project("{9A19103F-16F7-4668-BE54-9A1E7A4F7556}") = "HouseRent.Database", "HouseRent.Database\HouseRent.Database.csproj", "{DEDF1A71-E614-420F-BCE1-FE6BBF261420}"
EndProject
Project("{9A19103F-16F7-4668-BE54-9A1E7A4F7556}") = "HouseRent.Domain", "HouseRent.Domain\HouseRent.Domain.csproj", "{4FAD7746-E1D5-434F-8D44-361D896FCF78}"
EndProject
Global
	GlobalSection(SolutionConfigurationPlatforms) = preSolution
		Debug|Any CPU = Debug|Any CPU
		Release|Any CPU = Release|Any CPU
	EndGlobalSection
	GlobalSection(ProjectConfigurationPlatforms) = postSolution
		{B54D15E0-4FF6-4508-9241-615D56A65DFE}.Debug|Any CPU.ActiveCfg = Debug|Any CPU
		{B54D15E0-4FF6-4508-9241-615D56A65DFE}.Debug|Any CPU.Build.0 = Debug|Any CPU
		{B54D15E0-4FF6-4508-9241-615D56A65DFE}.Release|Any CPU.ActiveCfg = Release|Any CPU
		{B54D15E0-4FF6-4508-9241-615D56A65DFE}.Release|Any CPU.Build.0 = Release|Any CPU
		{8B38062B-68AD-49C4-9AD9-EFFD3DAA2AC3}.Debug|Any CPU.ActiveCfg = Debug|Any CPU
		{8B38062B-68AD-49C4-9AD9-EFFD3DAA2AC3}.Debug|Any CPU.Build.0 = Debug|Any CPU
		{8B38062B-68AD-49C4-9AD9-EFFD3DAA2AC3}.Release|Any CPU.ActiveCfg = Release|Any CPU
		{8B38062B-68AD-49C4-9AD9-EFFD3DAA2AC3}.Release|Any CPU.Build.0 = Release|Any CPU
		{DEDF1A71-E614-420F-BCE1-FE6BBF261420}.Debug|Any CPU.ActiveCfg = Debug|Any CPU
		{DEDF1A71-E614-420F-BCE1-FE6BBF261420}.Debug|Any CPU.Build.0 = Debug|Any CPU
		{DEDF1A71-E614-420F-BCE1-FE6BBF261420}.Release|Any CPU.ActiveCfg = Release|Any CPU
		{DEDF1A71-E614-420F-BCE1-FE6BBF261420}.Release|Any CPU.Build.0 = Release|Any CPU
		{4FAD7746-E1D5-434F-8D44-361D896FCF78}.Debug|Any CPU.ActiveCfg = Debug|Any CPU
		{4FAD7746-E1D5-434F-8D44-361D896FCF78}.Debug|Any CPU.Build.0 = Debug|Any CPU
		{4FAD7746-E1D5-434F-8D44-361D896FCF78}.Release|Any CPU.ActiveCfg = Release|Any CPU
		{4FAD7746-E1D5-434F-8D44-361D896FCF78}.Release|Any CPU.Build.0 = Release|Any CPU
	EndGlobalSection
	GlobalSection(SolutionProperties) = preSolution
		HideSolutionNode = FALSE
	EndGlobalSection
	GlobalSection(ExtensibilityGlobals) = postSolution
		SolutionGuid = {1DE0C30A-36BC-4BF4-B958-EDB50F395F9D}
	EndGlobalSection
EndGlobal
